
Microsoft Visual Studio Solution File, Format Version 12.00
# Visual Studio Version 16
VisualStudioVersion = 16.0.31624.102
MinimumVisualStudioVersion = 10.0.40219.1
Project("{FAE04EC0-301F-11D3-BF4B-00C04F79EFBC}") = "CrudExample", "CrudExample\CrudExample.csproj", "{000B4CC5-71B0-458E-BCEB-3B8FEA725954}"
EndProject
Project("{FAE04EC0-301F-11D3-BF4B-00C04F79EFBC}") = "CrudMVCEx", "CrudMVCEx\CrudMVCEx.csproj", "{7651D126-E8F5-4F94-9885-E126AAE5A23F}"
EndProject
Global
	GlobalSection(SolutionConfigurationPlatforms) = preSolution
		Debug|Any CPU = Debug|Any CPU
		Release|Any CPU = Release|Any CPU
	EndGlobalSection
	GlobalSection(ProjectConfigurationPlatforms) = postSolution
		{000B4CC5-71B0-458E-BCEB-3B8FEA725954}.Debug|Any CPU.ActiveCfg = Debug|Any CPU
		{000B4CC5-71B0-458E-BCEB-3B8FEA725954}.Debug|Any CPU.Build.0 = Debug|Any CPU
		{000B4CC5-71B0-458E-BCEB-3B8FEA725954}.Release|Any CPU.ActiveCfg = Release|Any CPU
		{000B4CC5-71B0-458E-BCEB-3B8FEA725954}.Release|Any CPU.Build.0 = Release|Any CPU
		{7651D126-E8F5-4F94-9885-E126AAE5A23F}.Debug|Any CPU.ActiveCfg = Debug|Any CPU
		{7651D126-E8F5-4F94-9885-E126AAE5A23F}.Debug|Any CPU.Build.0 = Debug|Any CPU
		{7651D126-E8F5-4F94-9885-E126AAE5A23F}.Release|Any CPU.ActiveCfg = Release|Any CPU
		{7651D126-E8F5-4F94-9885-E126AAE5A23F}.Release|Any CPU.Build.0 = Release|Any CPU
	EndGlobalSection
	GlobalSection(SolutionProperties) = preSolution
		HideSolutionNode = FALSE
	EndGlobalSection
	GlobalSection(ExtensibilityGlobals) = postSolution
		SolutionGuid = {CA7DD8A4-FC86-4910-A5EB-B52FEC17CC14}
	EndGlobalSection
EndGlobal
